
Microsoft Visual Studio Solution File, Format Version 12.00
# Visual Studio Version 16
VisualStudioVersion = 16.0.31605.320
MinimumVisualStudioVersion = 10.0.40219.1
Project("{FAE04EC0-301F-11D3-BF4B-00C04F79EFBC}") = "SegmentedMemoryStream", "SegmentedMemoryStream\SegmentedMemoryStream.csproj", "{AC10A54E-AADB-4265-A3B4-5873CC7CB2C9}"
EndProject
Project("{FAE04EC0-301F-11D3-BF4B-00C04F79EFBC}") = "SegmentedMemoryStreamTest", "SegmentedMemoryStreamTest\SegmentedMemoryStreamTest.csproj", "{D0B9F724-3362-4B16-B103-ACC02239641E}"
EndProject
Global
	GlobalSection(SolutionConfigurationPlatforms) = preSolution
		Debug|Any CPU = Debug|Any CPU
		Release|Any CPU = Release|Any CPU
	EndGlobalSection
	GlobalSection(ProjectConfigurationPlatforms) = postSolution
		{AC10A54E-AADB-4265-A3B4-5873CC7CB2C9}.Debug|Any CPU.ActiveCfg = Debug|Any CPU
		{AC10A54E-AADB-4265-A3B4-5873CC7CB2C9}.Debug|Any CPU.Build.0 = Debug|Any CPU
		{AC10A54E-AADB-4265-A3B4-5873CC7CB2C9}.Release|Any CPU.ActiveCfg = Release|Any CPU
		{AC10A54E-AADB-4265-A3B4-5873CC7CB2C9}.Release|Any CPU.Build.0 = Release|Any CPU
		{D0B9F724-3362-4B16-B103-ACC02239641E}.Debug|Any CPU.ActiveCfg = Debug|Any CPU
		{D0B9F724-3362-4B16-B103-ACC02239641E}.Debug|Any CPU.Build.0 = Debug|Any CPU
		{D0B9F724-3362-4B16-B103-ACC02239641E}.Release|Any CPU.ActiveCfg = Release|Any CPU
		{D0B9F724-3362-4B16-B103-ACC02239641E}.Release|Any CPU.Build.0 = Release|Any CPU
	EndGlobalSection
	GlobalSection(SolutionProperties) = preSolution
		HideSolutionNode = FALSE
	EndGlobalSection
	GlobalSection(ExtensibilityGlobals) = postSolution
		SolutionGuid = {B0BD9C4D-0F52-4E3C-9D46-DDFDB5B32B67}
	EndGlobalSection
EndGlobal
